
Microsoft Visual Studio Solution File, Format Version 12.00
# Visual Studio 15
VisualStudioVersion = 15.0.28307.572
MinimumVisualStudioVersion = 10.0.40219.1
Project("{FAE04EC0-301F-11D3-BF4B-00C04F79EFBC}") = "Аренда автомобилей", "Аренда автомобилей\Аренда автомобилей.csproj", "{558453E2-7BED-456F-8669-324A65C8AB58}"
EndProject
Global
	GlobalSection(SolutionConfigurationPlatforms) = preSolution
		Debug|Any CPU = Debug|Any CPU
		Release|Any CPU = Release|Any CPU
	EndGlobalSection
	GlobalSection(ProjectConfigurationPlatforms) = postSolution
		{558453E2-7BED-456F-8669-324A65C8AB58}.Debug|Any CPU.ActiveCfg = Debug|Any CPU
		{558453E2-7BED-456F-8669-324A65C8AB58}.Debug|Any CPU.Build.0 = Debug|Any CPU
		{558453E2-7BED-456F-8669-324A65C8AB58}.Release|Any CPU.ActiveCfg = Release|Any CPU
		{558453E2-7BED-456F-8669-324A65C8AB58}.Release|Any CPU.Build.0 = Release|Any CPU
	EndGlobalSection
	GlobalSection(SolutionProperties) = preSolution
		HideSolutionNode = FALSE
	EndGlobalSection
	GlobalSection(ExtensibilityGlobals) = postSolution
		SolutionGuid = {D26C3828-4C8A-4543-9EB5-36C382D96477}
	EndGlobalSection
EndGlobal
